// !$*UTF8*$!
{
	archiveVersion = 1;
	classes = {
	};
	objectVersion = 46;
	objects = {

/* Begin PBXBuildFile section */
		5FCEDEDE160775DA00D5498B /* UIKit.framework in Frameworks */ = {isa = PBXBuildFile; fileRef = 5FCEDEDD160775DA00D5498B /* UIKit.framework */; };
		5FCEDEE0160775DA00D5498B /* Foundation.framework in Frameworks */ = {isa = PBXBuildFile; fileRef = 5FCEDEDF160775DA00D5498B /* Foundation.framework */; };
		5FCEDEE2160775DA00D5498B /* CoreGraphics.framework in Frameworks */ = {isa = PBXBuildFile; fileRef = 5FCEDEE1160775DA00D5498B /* CoreGraphics.framework */; };
		5FCEDEE8160775DA00D5498B /* InfoPlist.strings in Resources */ = {isa = PBXBuildFile; fileRef = 5FCEDEE6160775DA00D5498B /* InfoPlist.strings */; };
		5FCEDEEA160775DA00D5498B /* main.m in Sources */ = {isa = PBXBuildFile; fileRef = 5FCEDEE9160775DA00D5498B /* main.m */; };
		5FCEDEEE160775DA00D5498B /* HomepwnerAppDelegate.m in Sources */ = {isa = PBXBuildFile; fileRef = 5FCEDEED160775DA00D5498B /* HomepwnerAppDelegate.m */; };
		5FCEDEF1160775DA00D5498B /* HomepwnerViewController.m in Sources */ = {isa = PBXBuildFile; fileRef = 5FCEDEF0160775DA00D5498B /* HomepwnerViewController.m */; };
		5FCEDEF4160775DA00D5498B /* HomepwnerViewController.xib in Resources */ = {isa = PBXBuildFile; fileRef = 5FCEDEF2160775DA00D5498B /* HomepwnerViewController.xib */; };
		5FCEDEFB1607770900D5498B /* Parse.framework in Frameworks */ = {isa = PBXBuildFile; fileRef = 5FCEDEFA1607770900D5498B /* Parse.framework */; };
		5FCEDEFD1607775B00D5498B /* AudioToolbox.framework in Frameworks */ = {isa = PBXBuildFile; fileRef = 5FCEDEFC1607775B00D5498B /* AudioToolbox.framework */; };
		5FCEDEFF1607776600D5498B /* CFNetwork.framework in Frameworks */ = {isa = PBXBuildFile; fileRef = 5FCEDEFE1607776600D5498B /* CFNetwork.framework */; };
		5FCEDF011607779300D5498B /* libsqlite3.dylib in Frameworks */ = {isa = PBXBuildFile; fileRef = 5FCEDF001607779300D5498B /* libsqlite3.dylib */; };
		5FCEDF031607779E00D5498B /* libz.1.1.3.dylib in Frameworks */ = {isa = PBXBuildFile; fileRef = 5FCEDF021607779E00D5498B /* libz.1.1.3.dylib */; };
		5FCEDF05160777A500D5498B /* MobileCoreServices.framework in Frameworks */ = {isa = PBXBuildFile; fileRef = 5FCEDF04160777A500D5498B /* MobileCoreServices.framework */; };
		5FCEDF07160777B900D5498B /* QuartzCore.framework in Frameworks */ = {isa = PBXBuildFile; fileRef = 5FCEDF06160777B900D5498B /* QuartzCore.framework */; };
		5FCEDF09160777C100D5498B /* Security.framework in Frameworks */ = {isa = PBXBuildFile; fileRef = 5FCEDF08160777C100D5498B /* Security.framework */; };
		5FCEDF0B160777C700D5498B /* StoreKit.framework in Frameworks */ = {isa = PBXBuildFile; fileRef = 5FCEDF0A160777C700D5498B /* StoreKit.framework */; };
		5FCEDF0D160777CF00D5498B /* SystemConfiguration.framework in Frameworks */ = {isa = PBXBuildFile; fileRef = 5FCEDF0C160777CF00D5498B /* SystemConfiguration.framework */; };
		5FCEDF0F1607850F00D5498B /* MapKit.framework in Frameworks */ = {isa = PBXBuildFile; fileRef = 5FCEDF0E1607850F00D5498B /* MapKit.framework */; };
		5FCEDF111607851600D5498B /* CoreLocation.framework in Frameworks */ = {isa = PBXBuildFile; fileRef = 5FCEDF101607851600D5498B /* CoreLocation.framework */; };
		5FCEDF14160786D500D5498B /* Reachability.m in Sources */ = {isa = PBXBuildFile; fileRef = 5FCEDF13160786D500D5498B /* Reachability.m */; };
/* End PBXBuildFile section */

/* Begin PBXFileReference section */
		5FCEDED9160775DA00D5498B /* SpotterProject.app */ = {isa = PBXFileReference; explicitFileType = wrapper.application; includeInIndex = 0; path = SpotterProject.app; sourceTree = BUILT_PRODUCTS_DIR; };
		5FCEDEDD160775DA00D5498B /* UIKit.framework */ = {isa = PBXFileReference; lastKnownFileType = wrapper.framework; name = UIKit.framework; path = System/Library/Frameworks/UIKit.framework; sourceTree = SDKROOT; };
		5FCEDEDF160775DA00D5498B /* Foundation.framework */ = {isa = PBXFileReference; lastKnownFileType = wrapper.framework; name = Foundation.framework; path = System/Library/Frameworks/Foundation.framework; sourceTree = SDKROOT; };
		5FCEDEE1160775DA00D5498B /* CoreGraphics.framework */ = {isa = PBXFileReference; lastKnownFileType = wrapper.framework; name = CoreGraphics.framework; path = System/Library/Frameworks/CoreGraphics.framework; sourceTree = SDKROOT; };
		5FCEDEE5160775DA00D5498B /* SpotterProject-Info.plist */ = {isa = PBXFileReference; lastKnownFileType = text.plist.xml; path = "SpotterProject-Info.plist"; sourceTree = "<group>"; };
		5FCEDEE7160775DA00D5498B /* en */ = {isa = PBXFileReference; lastKnownFileType = text.plist.strings; name = en; path = en.lproj/InfoPlist.strings; sourceTree = "<group>"; };
		5FCEDEE9160775DA00D5498B /* main.m */ = {isa = PBXFileReference; lastKnownFileType = sourcecode.c.objc; path = main.m; sourceTree = "<group>"; };
		5FCEDEEB160775DA00D5498B /* SpotterProject-Prefix.pch */ = {isa = PBXFileReference; lastKnownFileType = sourcecode.c.h; path = "SpotterProject-Prefix.pch"; sourceTree = "<group>"; };
		5FCEDEEC160775DA00D5498B /* HomepwnerAppDelegate.h */ = {isa = PBXFileReference; lastKnownFileType = sourcecode.c.h; path = HomepwnerAppDelegate.h; sourceTree = "<group>"; };
		5FCEDEED160775DA00D5498B /* HomepwnerAppDelegate.m */ = {isa = PBXFileReference; lastKnownFileType = sourcecode.c.objc; path = HomepwnerAppDelegate.m; sourceTree = "<group>"; };
		5FCEDEEF160775DA00D5498B /* HomepwnerViewController.h */ = {isa = PBXFileReference; lastKnownFileType = sourcecode.c.h; path = HomepwnerViewController.h; sourceTree = "<group>"; };
		5FCEDEF0160775DA00D5498B /* HomepwnerViewController.m */ = {isa = PBXFileReference; lastKnownFileType = sourcecode.c.objc; path = HomepwnerViewController.m; sourceTree = "<group>"; };
		5FCEDEF3160775DA00D5498B /* en */ = {isa = PBXFileReference; lastKnownFileType = file.xib; name = en; path = en.lproj/HomepwnerViewController.xib; sourceTree = "<group>"; };
		5FCEDEFA1607770900D5498B /* Parse.framework */ = {isa = PBXFileReference; lastKnownFileType = wrapper.framework; path = Parse.framework; sourceTree = "<group>"; };
		5FCEDEFC1607775B00D5498B /* AudioToolbox.framework */ = {isa = PBXFileReference; lastKnownFileType = wrapper.framework; name = AudioToolbox.framework; path = System/Library/Frameworks/AudioToolbox.framework; sourceTree = SDKROOT; };
		5FCEDEFE1607776600D5498B /* CFNetwork.framework */ = {isa = PBXFileReference; lastKnownFileType = wrapper.framework; name = CFNetwork.framework; path = System/Library/Frameworks/CFNetwork.framework; sourceTree = SDKROOT; };
		5FCEDF001607779300D5498B /* libsqlite3.dylib */ = {isa = PBXFileReference; lastKnownFileType = "compiled.mach-o.dylib"; name = libsqlite3.dylib; path = usr/lib/libsqlite3.dylib; sourceTree = SDKROOT; };
		5FCEDF021607779E00D5498B /* libz.1.1.3.dylib */ = {isa = PBXFileReference; lastKnownFileType = "compiled.mach-o.dylib"; name = libz.1.1.3.dylib; path = usr/lib/libz.1.1.3.dylib; sourceTree = SDKROOT; };
		5FCEDF04160777A500D5498B /* MobileCoreServices.framework */ = {isa = PBXFileReference; lastKnownFileType = wrapper.framework; name = MobileCoreServices.framework; path = System/Library/Frameworks/MobileCoreServices.framework; sourceTree = SDKROOT; };
		5FCEDF06160777B900D5498B /* QuartzCore.framework */ = {isa = PBXFileReference; lastKnownFileType = wrapper.framework; name = QuartzCore.framework; path = System/Library/Frameworks/QuartzCore.framework; sourceTree = SDKROOT; };
		5FCEDF08160777C100D5498B /* Security.framework */ = {isa = PBXFileReference; lastKnownFileType = wrapper.framework; name = Security.framework; path = System/Library/Frameworks/Security.framework; sourceTree = SDKROOT; };
		5FCEDF0A160777C700D5498B /* StoreKit.framework */ = {isa = PBXFileReference; lastKnownFileType = wrapper.framework; name = StoreKit.framework; path = System/Library/Frameworks/StoreKit.framework; sourceTree = SDKROOT; };
		5FCEDF0C160777CF00D5498B /* SystemConfiguration.framework */ = {isa = PBXFileReference; lastKnownFileType = wrapper.framework; name = SystemConfiguration.framework; path = System/Library/Frameworks/SystemConfiguration.framework; sourceTree = SDKROOT; };
		5FCEDF0E1607850F00D5498B /* MapKit.framework */ = {isa = PBXFileReference; lastKnownFileType = wrapper.framework; name = MapKit.framework; path = System/Library/Frameworks/MapKit.framework; sourceTree = SDKROOT; };
		5FCEDF101607851600D5498B /* CoreLocation.framework */ = {isa = PBXFileReference; lastKnownFileType = wrapper.framework; name = CoreLocation.framework; path = System/Library/Frameworks/CoreLocation.framework; sourceTree = SDKROOT; };
		5FCEDF12160786C800D5498B /* Reachability.h */ = {isa = PBXFileReference; lastKnownFileType = sourcecode.c.h; path = Reachability.h; sourceTree = "<group>"; };
		5FCEDF13160786D500D5498B /* Reachability.m */ = {isa = PBXFileReference; fileEncoding = 4; lastKnownFileType = sourcecode.c.objc; path = Reachability.m; sourceTree = "<group>"; };
/* End PBXFileReference section */

/* Begin PBXFrameworksBuildPhase section */
		5FCEDED6160775DA00D5498B /* Frameworks */ = {
			isa = PBXFrameworksBuildPhase;
			buildActionMask = 2147483647;
			files = (
				5FCEDF111607851600D5498B /* CoreLocation.framework in Frameworks */,
				5FCEDF0F1607850F00D5498B /* MapKit.framework in Frameworks */,
				5FCEDF0D160777CF00D5498B /* SystemConfiguration.framework in Frameworks */,
				5FCEDF0B160777C700D5498B /* StoreKit.framework in Frameworks */,
				5FCEDF09160777C100D5498B /* Security.framework in Frameworks */,
				5FCEDF07160777B900D5498B /* QuartzCore.framework in Frameworks */,
				5FCEDF05160777A500D5498B /* MobileCoreServices.framework in Frameworks */,
				5FCEDF031607779E00D5498B /* libz.1.1.3.dylib in Frameworks */,
				5FCEDF011607779300D5498B /* libsqlite3.dylib in Frameworks */,
				5FCEDEE2160775DA00D5498B /* CoreGraphics.framework in Frameworks */,
				5FCEDEFF1607776600D5498B /* CFNetwork.framework in Frameworks */,
				5FCEDEFD1607775B00D5498B /* AudioToolbox.framework in Frameworks */,
				5FCEDEDE160775DA00D5498B /* UIKit.framework in Frameworks */,
				5FCEDEE0160775DA00D5498B /* Foundation.framework in Frameworks */,
				5FCEDEFB1607770900D5498B /* Parse.framework in Frameworks */,
			);
			runOnlyForDeploymentPostprocessing = 0;
		};
/* End PBXFrameworksBuildPhase section */

/* Begin PBXGroup section */
		5FCEDECE160775DA00D5498B = {
			isa = PBXGroup;
			children = (
				5FCEDF101607851600D5498B /* CoreLocation.framework */,
				5FCEDF0E1607850F00D5498B /* MapKit.framework */,
				5FCEDEE3160775DA00D5498B /* SpotterProject */,
				5FCEDEDC160775DA00D5498B /* Frameworks */,
				5FCEDEDA160775DA00D5498B /* Products */,
			);
			sourceTree = "<group>";
		};
		5FCEDEDA160775DA00D5498B /* Products */ = {
			isa = PBXGroup;
			children = (
				5FCEDED9160775DA00D5498B /* SpotterProject.app */,
			);
			name = Products;
			sourceTree = "<group>";
		};
		5FCEDEDC160775DA00D5498B /* Frameworks */ = {
			isa = PBXGroup;
			children = (
				5FCEDF0C160777CF00D5498B /* SystemConfiguration.framework */,
				5FCEDF0A160777C700D5498B /* StoreKit.framework */,
				5FCEDF08160777C100D5498B /* Security.framework */,
				5FCEDF06160777B900D5498B /* QuartzCore.framework */,
				5FCEDF04160777A500D5498B /* MobileCoreServices.framework */,
				5FCEDF021607779E00D5498B /* libz.1.1.3.dylib */,
				5FCEDF001607779300D5498B /* libsqlite3.dylib */,
				5FCEDEFE1607776600D5498B /* CFNetwork.framework */,
				5FCEDEFC1607775B00D5498B /* AudioToolbox.framework */,
				5FCEDEFA1607770900D5498B /* Parse.framework */,
				5FCEDEDD160775DA00D5498B /* UIKit.framework */,
				5FCEDEDF160775DA00D5498B /* Foundation.framework */,
				5FCEDEE1160775DA00D5498B /* CoreGraphics.framework */,
			);
			name = Frameworks;
			sourceTree = "<group>";
		};
		5FCEDEE3160775DA00D5498B /* SpotterProject */ = {
			isa = PBXGroup;
			children = (
				5FCEDF13160786D500D5498B /* Reachability.m */,
				5FCEDF12160786C800D5498B /* Reachability.h */,
				5FCEDEEC160775DA00D5498B /* HomepwnerAppDelegate.h */,
				5FCEDEED160775DA00D5498B /* HomepwnerAppDelegate.m */,
				5FCEDEEF160775DA00D5498B /* HomepwnerViewController.h */,
				5FCEDEF0160775DA00D5498B /* HomepwnerViewController.m */,
				5FCEDEF2160775DA00D5498B /* HomepwnerViewController.xib */,
				5FCEDEE4160775DA00D5498B /* Supporting Files */,
			);
			path = SpotterProject;
			sourceTree = "<group>";
		};
		5FCEDEE4160775DA00D5498B /* Supporting Files */ = {
			isa = PBXGroup;
			children = (
				5FCEDEE5160775DA00D5498B /* SpotterProject-Info.plist */,
				5FCEDEE6160775DA00D5498B /* InfoPlist.strings */,
				5FCEDEE9160775DA00D5498B /* main.m */,
				5FCEDEEB160775DA00D5498B /* SpotterProject-Prefix.pch */,
			);
			name = "Supporting Files";
			sourceTree = "<group>";
		};
/* End PBXGroup section */

/* Begin PBXNativeTarget section */
		5FCEDED8160775DA00D5498B /* SpotterProject */ = {
			isa = PBXNativeTarget;
			buildConfigurationList = 5FCEDEF7160775DA00D5498B /* Build configuration list for PBXNativeTarget "SpotterProject" */;
			buildPhases = (
				5FCEDED5160775DA00D5498B /* Sources */,
				5FCEDED6160775DA00D5498B /* Frameworks */,
				5FCEDED7160775DA00D5498B /* Resources */,
			);
			buildRules = (
			);
			dependencies = (
			);
			name = SpotterProject;
			productName = SpotterProject;
			productReference = 5FCEDED9160775DA00D5498B /* SpotterProject.app */;
			productType = "com.apple.product-type.application";
		};
/* End PBXNativeTarget section */

/* Begin PBXProject section */
		5FCEDED0160775DA00D5498B /* Project object */ = {
			isa = PBXProject;
			attributes = {
				CLASSPREFIX = Homepwner;
				LastUpgradeCheck = 0440;
				ORGANIZATIONNAME = "Earl St Sauver";
			};
			buildConfigurationList = 5FCEDED3160775DA00D5498B /* Build configuration list for PBXProject "SpotterProject" */;
			compatibilityVersion = "Xcode 3.2";
			developmentRegion = English;
			hasScannedForEncodings = 0;
			knownRegions = (
				en,
			);
			mainGroup = 5FCEDECE160775DA00D5498B;
			productRefGroup = 5FCEDEDA160775DA00D5498B /* Products */;
			projectDirPath = "";
			projectRoot = "";
			targets = (
				5FCEDED8160775DA00D5498B /* SpotterProject */,
			);
		};
/* End PBXProject section */

/* Begin PBXResourcesBuildPhase section */
		5FCEDED7160775DA00D5498B /* Resources */ = {
			isa = PBXResourcesBuildPhase;
			buildActionMask = 2147483647;
			files = (
				5FCEDEE8160775DA00D5498B /* InfoPlist.strings in Resources */,
				5FCEDEF4160775DA00D5498B /* HomepwnerViewController.xib in Resources */,
			);
			runOnlyForDeploymentPostprocessing = 0;
		};
/* End PBXResourcesBuildPhase section */

/* Begin PBXSourcesBuildPhase section */
		5FCEDED5160775DA00D5498B /* Sources */ = {
			isa = PBXSourcesBuildPhase;
			buildActionMask = 2147483647;
			files = (
				5FCEDEEA160775DA00D5498B /* main.m in Sources */,
				5FCEDEEE160775DA00D5498B /* HomepwnerAppDelegate.m in Sources */,
				5FCEDEF1160775DA00D5498B /* HomepwnerViewController.m in Sources */,
				5FCEDF14160786D500D5498B /* Reachability.m in Sources */,
			);
			runOnlyForDeploymentPostprocessing = 0;
		};
/* End PBXSourcesBuildPhase section */

/* Begin PBXVariantGroup section */
		5FCEDEE6160775DA00D5498B /* InfoPlist.strings */ = {
			isa = PBXVariantGroup;
			children = (
				5FCEDEE7160775DA00D5498B /* en */,
			);
			name = InfoPlist.strings;
			sourceTree = "<group>";
		};
		5FCEDEF2160775DA00D5498B /* HomepwnerViewController.xib */ = {
			isa = PBXVariantGroup;
			children = (
				5FCEDEF3160775DA00D5498B /* en */,
			);
			name = HomepwnerViewController.xib;
			sourceTree = "<group>";
		};
/* End PBXVariantGroup section */

/* Begin XCBuildConfiguration section */
		5FCEDEF5160775DA00D5498B /* Debug */ = {
			isa = XCBuildConfiguration;
			buildSettings = {
				ALWAYS_SEARCH_USER_PATHS = NO;
				ARCHS = "$(ARCHS_STANDARD_32_BIT)";
				CLANG_CXX_LANGUAGE_STANDARD = "gnu++0x";
				CLANG_WARN__DUPLICATE_METHOD_MATCH = YES;
				"CODE_SIGN_IDENTITY[sdk=iphoneos*]" = "iPhone Developer";
				COPY_PHASE_STRIP = NO;
				GCC_C_LANGUAGE_STANDARD = gnu99;
				GCC_DYNAMIC_NO_PIC = NO;
				GCC_OPTIMIZATION_LEVEL = 0;
				GCC_PREPROCESSOR_DEFINITIONS = (
					"DEBUG=1",
					"$(inherited)",
				);
				GCC_SYMBOLS_PRIVATE_EXTERN = NO;
				GCC_VERSION = com.apple.compilers.llvm.clang.1_0;
				GCC_WARN_ABOUT_RETURN_TYPE = YES;
				GCC_WARN_UNINITIALIZED_AUTOS = YES;
				GCC_WARN_UNUSED_VARIABLE = YES;
				IPHONEOS_DEPLOYMENT_TARGET = 5.1;
				SDKROOT = iphoneos;
			};
			name = Debug;
		};
		5FCEDEF6160775DA00D5498B /* Release */ = {
			isa = XCBuildConfiguration;
			buildSettings = {
				ALWAYS_SEARCH_USER_PATHS = NO;
				ARCHS = "$(ARCHS_STANDARD_32_BIT)";
				CLANG_CXX_LANGUAGE_STANDARD = "gnu++0x";
				CLANG_WARN__DUPLICATE_METHOD_MATCH = YES;
				"CODE_SIGN_IDENTITY[sdk=iphoneos*]" = "iPhone Developer";
				COPY_PHASE_STRIP = YES;
				GCC_C_LANGUAGE_STANDARD = gnu99;
				GCC_VERSION = com.apple.compilers.llvm.clang.1_0;
				GCC_WARN_ABOUT_RETURN_TYPE = YES;
				GCC_WARN_UNINITIALIZED_AUTOS = YES;
				GCC_WARN_UNUSED_VARIABLE = YES;
				IPHONEOS_DEPLOYMENT_TARGET = 5.1;
				OTHER_CFLAGS = "-DNS_BLOCK_ASSERTIONS=1";
				SDKROOT = iphoneos;
				VALIDATE_PRODUCT = YES;
			};
			name = Release;
		};
		5FCEDEF8160775DA00D5498B /* Debug */ = {
			isa = XCBuildConfiguration;
			buildSettings = {
				FRAMEWORK_SEARCH_PATHS = (
					"$(inherited)",
					"\"$(SRCROOT)\"",
				);
				GCC_PRECOMPILE_PREFIX_HEADER = YES;
				GCC_PREFIX_HEADER = "SpotterProject/SpotterProject-Prefix.pch";
				INFOPLIST_FILE = "SpotterProject/SpotterProject-Info.plist";
				PRODUCT_NAME = "$(TARGET_NAME)";
				WRAPPER_EXTENSION = app;
			};
			name = Debug;
		};
		5FCEDEF9160775DA00D5498B /* Release */ = {
			isa = XCBuildConfiguration;
			buildSettings = {
				FRAMEWORK_SEARCH_PATHS = (
					"$(inherited)",
					"\"$(SRCROOT)\"",
				);
				GCC_PRECOMPILE_PREFIX_HEADER = YES;
				GCC_PREFIX_HEADER = "SpotterProject/SpotterProject-Prefix.pch";
				INFOPLIST_FILE = "SpotterProject/SpotterProject-Info.plist";
				PRODUCT_NAME = "$(TARGET_NAME)";
				WRAPPER_EXTENSION = app;
			};
			name = Release;
		};
/* End XCBuildConfiguration section */

/* Begin XCConfigurationList section */
		5FCEDED3160775DA00D5498B /* Build configuration list for PBXProject "SpotterProject" */ = {
			isa = XCConfigurationList;
			buildConfigurations = (
				5FCEDEF5160775DA00D5498B /* Debug */,
				5FCEDEF6160775DA00D5498B /* Release */,
			);
			defaultConfigurationIsVisible = 0;
			defaultConfigurationName = Release;
		};
		5FCEDEF7160775DA00D5498B /* Build configuration list for PBXNativeTarget "SpotterProject" */ = {
			isa = XCConfigurationList;
			buildConfigurations = (
				5FCEDEF8160775DA00D5498B /* Debug */,
				5FCEDEF9160775DA00D5498B /* Release */,
			);
			defaultConfigurationIsVisible = 0;
		};
/* End XCConfigurationList section */
	};
	rootObject = 5FCEDED0160775DA00D5498B /* Project object */;
}
